{
  "version": "2",
  "remote": {
    "https://deno.land/std@0.140.0/_util/assert.ts": "e94f2eb37cebd7f199952e242c77654e43333c1ac4c5c700e929ea3aa5489f74",
    "https://deno.land/std@0.140.0/_util/os.ts": "3b4c6e27febd119d36a416d7a97bd3b0251b77c88942c8f16ee5953ea13e2e49",
    "https://deno.land/std@0.140.0/fs/_util.ts": "0fb24eb4bfebc2c194fb1afdb42b9c3dda12e368f43e8f2321f84fc77d42cb0f",
    "https://deno.land/std@0.140.0/fs/ensure_dir.ts": "9dc109c27df4098b9fc12d949612ae5c9c7169507660dcf9ad90631833209d9d",
    "https://deno.land/std@0.140.0/fs/expand_glob.ts": "0c10130d67c9b02164b03df8e43c6d6defbf8e395cb69d09e84a8586e6d72ac3",
    "https://deno.land/std@0.140.0/fs/walk.ts": "117403ccd21fd322febe56ba06053b1ad5064c802170f19b1ea43214088fe95f",
    "https://deno.land/std@0.140.0/path/_constants.ts": "df1db3ffa6dd6d1252cc9617e5d72165cd2483df90e93833e13580687b6083c3",
    "https://deno.land/std@0.140.0/path/_interface.ts": "ee3b431a336b80cf445441109d089b70d87d5e248f4f90ff906820889ecf8d09",
    "https://deno.land/std@0.140.0/path/_util.ts": "c1e9686d0164e29f7d880b2158971d805b6e0efc3110d0b3e24e4b8af2190d2b",
    "https://deno.land/std@0.140.0/path/common.ts": "bee563630abd2d97f99d83c96c2fa0cca7cee103e8cb4e7699ec4d5db7bd2633",
    "https://deno.land/std@0.140.0/path/glob.ts": "cb5255638de1048973c3e69e420c77dc04f75755524cb3b2e160fe9277d939ee",
    "https://deno.land/std@0.140.0/path/mod.ts": "d3e68d0abb393fb0bf94a6d07c46ec31dc755b544b13144dee931d8d5f06a52d",
    "https://deno.land/std@0.140.0/path/posix.ts": "293cdaec3ecccec0a9cc2b534302dfe308adb6f10861fa183275d6695faace44",
    "https://deno.land/std@0.140.0/path/separator.ts": "fe1816cb765a8068afb3e8f13ad272351c85cbc739af56dacfc7d93d710fe0f9",
    "https://deno.land/std@0.140.0/path/win32.ts": "31811536855e19ba37a999cd8d1b62078235548d67902ece4aa6b814596dd757",
    "https://deno.land/std@0.150.0/_util/assert.ts": "e94f2eb37cebd7f199952e242c77654e43333c1ac4c5c700e929ea3aa5489f74",
    "https://deno.land/std@0.150.0/_util/os.ts": "3b4c6e27febd119d36a416d7a97bd3b0251b77c88942c8f16ee5953ea13e2e49",
    "https://deno.land/std@0.150.0/async/abortable.ts": "87aa7230be8360c24ad437212311c9e8d4328854baec27b4c7abb26e85515c06",
    "https://deno.land/std@0.150.0/async/deadline.ts": "48ac998d7564969f3e6ec6b6f9bf0217ebd00239b1b2292feba61272d5dd58d0",
    "https://deno.land/std@0.150.0/async/debounce.ts": "564273ef242bcfcda19a439132f940db8694173abffc159ea34f07d18fc42620",
    "https://deno.land/std@0.150.0/async/deferred.ts": "bc18e28108252c9f67dfca2bbc4587c3cbf3aeb6e155f8c864ca8ecff992b98a",
    "https://deno.land/std@0.150.0/async/delay.ts": "cbbdf1c87d1aed8edc7bae13592fb3e27e3106e0748f089c263390d4f49e5f6c",
    "https://deno.land/std@0.150.0/async/mod.ts": "9852cd8ed897ab2d41a8fbee611d574e97898327db5c19d9d58e41126473f02c",
    "https://deno.land/std@0.150.0/async/mux_async_iterator.ts": "5b4aca6781ad0f2e19ccdf1d1a1c092ccd3e00d52050d9c27c772658c8367256",
    "https://deno.land/std@0.150.0/async/pool.ts": "ef9eb97b388543acbf0ac32647121e4dbe629236899586c4d4311a8770fbb239",
    "https://deno.land/std@0.150.0/async/tee.ts": "bcfae0017ebb718cf4eef9e2420e8675d91cb1bcc0ed9b668681af6e6caad846",
    "https://deno.land/std@0.150.0/flags/mod.ts": "594472736e24b2f2afd3451cf7ccd58a21706ce91006478a544fdfa056c69697",
    "https://deno.land/std@0.150.0/fs/_util.ts": "2cf50bfb1081c2d5f2efec10ac19abbc2baf478e51cd1b057d0da2f30585b6ba",
    "https://deno.land/std@0.150.0/fs/walk.ts": "6ce8d87fbaeda23383e979599ad27f3f94b3e5ff0c0cd976b5fc5c2aa0df7d92",
    "https://deno.land/std@0.150.0/http/http_status.ts": "897575a7d6bc2b9123f6a38ecbc0f03d95a532c5d92029315dc9f508e12526b8",
    "https://deno.land/std@0.150.0/http/server.ts": "0b0a9f3abfcfecead944b31ee9098a0c11a59b0495bf873ee200eb80e7441483",
    "https://deno.land/std@0.150.0/media_types/_util.ts": "ce9b4fc4ba1c447dafab619055e20fd88236ca6bdd7834a21f98bd193c3fbfa1",
    "https://deno.land/std@0.150.0/media_types/mod.ts": "2d4b6f32a087029272dc59e0a55ae3cc4d1b27b794ccf528e94b1925795b3118",
    "https://deno.land/std@0.150.0/media_types/vendor/mime-db.v1.52.0.ts": "724cee25fa40f1a52d3937d6b4fbbfdd7791ff55e1b7ac08d9319d5632c7f5af",
    "https://deno.land/std@0.150.0/path/_constants.ts": "df1db3ffa6dd6d1252cc9617e5d72165cd2483df90e93833e13580687b6083c3",
    "https://deno.land/std@0.150.0/path/_interface.ts": "ee3b431a336b80cf445441109d089b70d87d5e248f4f90ff906820889ecf8d09",
    "https://deno.land/std@0.150.0/path/_util.ts": "c1e9686d0164e29f7d880b2158971d805b6e0efc3110d0b3e24e4b8af2190d2b",
    "https://deno.land/std@0.150.0/path/common.ts": "bee563630abd2d97f99d83c96c2fa0cca7cee103e8cb4e7699ec4d5db7bd2633",
    "https://deno.land/std@0.150.0/path/glob.ts": "cb5255638de1048973c3e69e420c77dc04f75755524cb3b2e160fe9277d939ee",
    "https://deno.land/std@0.150.0/path/mod.ts": "4945b430b759b0b3d98f2a278542cbcf95e0ad2bd8eaaed3c67322b306b2b346",
    "https://deno.land/std@0.150.0/path/posix.ts": "c1f7afe274290ea0b51da07ee205653b2964bd74909a82deb07b69a6cc383aaa",
    "https://deno.land/std@0.150.0/path/separator.ts": "fe1816cb765a8068afb3e8f13ad272351c85cbc739af56dacfc7d93d710fe0f9",
    "https://deno.land/std@0.150.0/path/win32.ts": "bd7549042e37879c68ff2f8576a25950abbfca1d696d41d82c7bca0b7e6f452c",
    "https://deno.land/std@0.150.0/semver/mod.ts": "4a5195fa81b4aede8875a386550a1119f01fb58d74aea899b2cfb136c05a7310",
    "https://deno.land/std@0.152.0/async/abortable.ts": "87aa7230be8360c24ad437212311c9e8d4328854baec27b4c7abb26e85515c06",
    "https://deno.land/std@0.152.0/async/deadline.ts": "48ac998d7564969f3e6ec6b6f9bf0217ebd00239b1b2292feba61272d5dd58d0",
    "https://deno.land/std@0.152.0/async/debounce.ts": "564273ef242bcfcda19a439132f940db8694173abffc159ea34f07d18fc42620",
    "https://deno.land/std@0.152.0/async/deferred.ts": "bc18e28108252c9f67dfca2bbc4587c3cbf3aeb6e155f8c864ca8ecff992b98a",
    "https://deno.land/std@0.152.0/async/delay.ts": "cbbdf1c87d1aed8edc7bae13592fb3e27e3106e0748f089c263390d4f49e5f6c",
    "https://deno.land/std@0.152.0/async/mod.ts": "dd0a8ed4f3984ffabe2fcca7c9f466b7932d57b1864ffee148a5d5388316db6b",
    "https://deno.land/std@0.152.0/async/mux_async_iterator.ts": "5b4aca6781ad0f2e19ccdf1d1a1c092ccd3e00d52050d9c27c772658c8367256",
    "https://deno.land/std@0.152.0/async/pool.ts": "ef9eb97b388543acbf0ac32647121e4dbe629236899586c4d4311a8770fbb239",
    "https://deno.land/std@0.152.0/async/tee.ts": "bcfae0017ebb718cf4eef9e2420e8675d91cb1bcc0ed9b668681af6e6caad846",
    "https://deno.land/std@0.152.0/http/server.ts": "0b0a9f3abfcfecead944b31ee9098a0c11a59b0495bf873ee200eb80e7441483",
    "https://deno.land/std@0.154.0/dotenv/load.ts": "9adeb1fb395f991f958a06c8b3adafdcbac0056e7a6a35bf9d33eab6347ef63c",
    "https://deno.land/std@0.154.0/dotenv/mod.ts": "3ad3c1caddb82bf9413686e8cfe24272b77089bc15e8840bdeccad4655e3a8db",
    "https://deno.land/std@0.154.0/dotenv/util.ts": "6cc392f087577a26a27f0463f77cc0c31a390aa055917099935b36eb2454592d",
    "https://deno.land/x/code_block_writer@11.0.3/mod.ts": "2c3448060e47c9d08604c8f40dee34343f553f33edcdfebbf648442be33205e5",
    "https://deno.land/x/code_block_writer@11.0.3/utils/string_utils.ts": "60cb4ec8bd335bf241ef785ccec51e809d576ff8e8d29da43d2273b69ce2a6ff",
    "https://deno.land/x/denoflate@1.2.1/mod.ts": "f5628e44b80b3d80ed525afa2ba0f12408e3849db817d47a883b801f9ce69dd6",
    "https://deno.land/x/denoflate@1.2.1/pkg/denoflate.js": "b9f9ad9457d3f12f28b1fb35c555f57443427f74decb403113d67364e4f2caf4",
    "https://deno.land/x/denoflate@1.2.1/pkg/denoflate_bg.wasm.js": "d581956245407a2115a3d7e8d85a9641c032940a8e810acbd59ca86afd34d44d",
    "https://deno.land/x/esbuild@v0.14.51/mod.d.ts": "c142324d0383c39de0d7660cd207a7f7f52c7198a13d7d3281c0d636a070f441",
    "https://deno.land/x/esbuild@v0.14.51/mod.js": "7432566c71fac77637822dc230319c7392a2d2fef51204c9d12c956d7093c279",
    "https://deno.land/x/esbuild@v0.14.51/wasm.d.ts": "c142324d0383c39de0d7660cd207a7f7f52c7198a13d7d3281c0d636a070f441",
    "https://deno.land/x/esbuild@v0.14.51/wasm.js": "afc1b6927543b664af60ce452c4929e5dc2bb9a0f4ed47b446a6431847c7598e",
    "https://deno.land/x/esbuild_deno_loader@0.5.2/deps.ts": "bf83c27b7787b2f245fa0bc0b99f5041aa949c000a81c016cfe828d06b476d37",
    "https://deno.land/x/esbuild_deno_loader@0.5.2/mod.ts": "bc111a68f323dbdb6edec68dd558ab732b27866d2ef304708872d763387b65d7",
    "https://deno.land/x/esbuild_deno_loader@0.5.2/src/deno.ts": "0e83ccabbe2b004389288e38df2031b79eb347df2d139fce9394d8e88a11f259",
    "https://deno.land/x/esbuild_deno_loader@0.5.2/src/native_loader.ts": "343854a566cf510cf25144f7c09fc0c1097780a31830305142a075d12bb697ba",
    "https://deno.land/x/esbuild_deno_loader@0.5.2/src/portable_loader.ts": "35b6c526eed8c2c781a3256b23c30aa7cce69c0ef1d583c15528663287ba18a3",
    "https://deno.land/x/esbuild_deno_loader@0.5.2/src/shared.ts": "b64749cd8c0f6252a11498bd8758ef1220003e46b2c9b68e16da63fd7e92b13a",
    "https://deno.land/x/fresh@1.1.0/dev.ts": "a66c7d64be35bcd6a8e12eec9c27ae335044c70363a241f2e36ee776db468622",
    "https://deno.land/x/fresh@1.1.0/plugins/twind.ts": "3f29487d8ee31ba1a17ced29afb5e8d480b9efa8f67d61327dbf50a3ebbaddb6",
    "https://deno.land/x/fresh@1.1.0/plugins/twind/shared.ts": "023e0ffcd66668753b5049edab0de46e6d66194fb6026c679034b9bbf04ad6f3",
    "https://deno.land/x/fresh@1.1.0/runtime.ts": "b02ec1e2e32cf73a33d262b7c9dcab9468ce16cd89fd424196c71003698a4ab0",
    "https://deno.land/x/fresh@1.1.0/server.ts": "f379c9aad24471a71e58fb887fa57e5cc27ad9df035987eb260541c78df38e84",
    "https://deno.land/x/fresh@1.1.0/src/dev/deps.ts": "de5470828c17839c0b52c328e6709f3477740b9800deaf724d6569b64b1d3872",
    "https://deno.land/x/fresh@1.1.0/src/dev/error.ts": "21a38d240c00279662e6adde41367f1da0ae7e2836d993f818ea94aabab53e7b",
    "https://deno.land/x/fresh@1.1.0/src/dev/mod.ts": "f5836b2eccd0efd7c0a726a121f174a974daefc22058f759f07d4df56c46e978",
    "https://deno.land/x/fresh@1.1.0/src/runtime/csp.ts": "9ee900e9b0b786057b1009da5976298c202d1b86d1f1e4d2510bde5f06530ac9",
    "https://deno.land/x/fresh@1.1.0/src/runtime/head.ts": "0f9932874497ab6e57ed1ba01d549e843523df4a5d36ef97460e7a43e3132fdc",
    "https://deno.land/x/fresh@1.1.0/src/runtime/utils.ts": "8320a874a44bdd5905c7d4b87a0e7a14a6c50a2ed133800e72ae57341e4d4faa",
    "https://deno.land/x/fresh@1.1.0/src/server/bundle.ts": "c48ac0c7f259aa7ffc87de0398975d74fa6491358655fbbaf37372da66a7a7c2",
    "https://deno.land/x/fresh@1.1.0/src/server/constants.ts": "ad10dda1bc20c25c2926f6a8cfd79ef4368d70b4b03a645f65c04b3fa7d93a8c",
    "https://deno.land/x/fresh@1.1.0/src/server/context.ts": "b385b982de2e5ee6e543dd56aad0e88f8f8fe5d9497909cf16caaf23b4d88b62",
    "https://deno.land/x/fresh@1.1.0/src/server/default_error_page.ts": "1155ac98b3729bf2e51be730af507e431db0ee43ac84c86f1c022a831b310106",
    "https://deno.land/x/fresh@1.1.0/src/server/deps.ts": "1c4e05b7d6e4eecc0012c9ec30ee587d8f533ab67c2bcb59048ed5f76841a770",
    "https://deno.land/x/fresh@1.1.0/src/server/mod.ts": "72d213444334dd2e94c757a0eee0fc486c0919399ea9184d07ad042f34edd00d",
    "https://deno.land/x/fresh@1.1.0/src/server/render.ts": "eb72a961a4efe05748437fd94736a70e32a4d73affa18c7da2561684c0f21709",
    "https://deno.land/x/fresh@1.1.0/src/server/types.ts": "dde992ab4ee635df71a7fc96fe4cd85943c1a9286ea8eb586563d5f5ca154955",
    "https://deno.land/x/importmap@0.2.1/_util.ts": "ada9a9618b537e6c0316c048a898352396c882b9f2de38aba18fd3f2950ede89",
    "https://deno.land/x/importmap@0.2.1/mod.ts": "ae3d1cd7eabd18c01a4960d57db471126b020f23b37ef14e1359bbb949227ade",
    "https://deno.land/x/rutt@0.0.13/mod.ts": "af981cfb95131152bf50fc9140fc00cb3efb6563df2eded1d408361d8577df20",
    "https://deno.land/x/ts_morph@16.0.0/common/DenoRuntime.ts": "537800e840d0994f9055164e11bf33eadf96419246af0d3c453793c3ae67bdb3",
    "https://deno.land/x/ts_morph@16.0.0/common/mod.ts": "01985d2ee7da8d1caee318a9d07664774fbee4e31602bc2bb6bb62c3489555ed",
    "https://deno.land/x/ts_morph@16.0.0/common/ts_morph_common.d.ts": "39f2ddefd4995e4344236c44c2bf296069149f45ef6f00440b56e7b32cb2b3bd",
    "https://deno.land/x/ts_morph@16.0.0/common/ts_morph_common.js": "7d908bf4f416aa96de956dc11ecc83b585bed297e16418d496ca04a3481067e0",
    "https://deno.land/x/ts_morph@16.0.0/common/typescript.d.ts": "df7dd83543f14081ca74918d5a80ff60f634f465746cf2aff8924b28bcc3b152",
    "https://deno.land/x/ts_morph@16.0.0/common/typescript.js": "5c59651248a4c41b25fa7beee8e0d0d0fab5f439fa72d478e65abd8241aa533c",
    "https://deno.land/x/ts_morph@16.0.0/mod.ts": "adba9b82f24865d15d2c78ef6074b9a7457011719056c9928c800f130a617c93",
    "https://deno.land/x/ts_morph@16.0.0/ts_morph.d.ts": "38668b0e3780282a56a805425494490b0045d1928bd040c47a94095749dab8c3",
    "https://deno.land/x/ts_morph@16.0.0/ts_morph.js": "9fc0f3d6a3997c2df023fabc4e529d2117d214ffd4fd04247ca2f56c4e9cd470",
    "https://esm.sh/@kodadot1/minipfs@0.2.0-rc.0": "9fbf30c778149fff5d967bc32c55b9dbd223e4e37f65bdcf0c5cccedff2b63ab",
    "https://esm.sh/@kodadot1/uniquery@0.1.1-rc.0": "270c79c0372595803dac94f45f867d606a7dcc9392d2398f0c7df47faa0c00c4",
    "https://esm.sh/@kodadot1/uniquery@0.2.0-rc.1": "5e77171b4136864593c22d488c0ec506942796e3e069fcf234d94b78ac149b1c",
    "https://esm.sh/@kodadot1/uniquery@0.2.0-rc.2": "39902258fb5377af4ec9f7507890942b0b1c3e1fd9f878fc0180a3bc2ea82ad0",
    "https://esm.sh/stable/preact@10.10.6/deno/compat.js": "eafa5682c358f8f15b8be1de86851407034302a054d9cde70305007434a7a817",
    "https://esm.sh/stable/preact@10.10.6/deno/hooks.js": "c7c21ae16e7e2a300ef23843b84f6e72bb118ce5b0cc746340fbcfd262b3ac70",
    "https://esm.sh/stable/preact@10.10.6/deno/jsx-runtime.js": "4c65a8d13d49d059914b625814138804ca2814bcdd35e3fd4cd7f66091236bbc",
    "https://esm.sh/stable/preact@10.10.6/deno/preact.js": "e0d155b4926e5b1f4dce9b9efea9f8c65edb7587b3b7a4ebd5d339474cf61e20",
    "https://esm.sh/v102/preact@10.10.6/compat/src/index.d.ts": "73b44b30bcd9d3f6d0ad750e75b38d65a68e19f67405e34a8b5b1cd28706f8c0",
    "https://esm.sh/v102/preact@10.10.6/compat/src/suspense-list.d.ts": "b8e274324392157ce476ef3a48ae215c9f7003b08525d140645f19eab20d1948",
    "https://esm.sh/v102/preact@10.10.6/compat/src/suspense.d.ts": "81f5266e0977a94347505d11b8103024211f2b4f3b2eb2aa276a10d8fd169e65",
    "https://esm.sh/v102/preact@10.10.6/hooks/src/index.d.ts": "272fdead5f29c6ad17b8332588a1652fc5bbefb97b5f29d931c55342f4b024f9",
    "https://esm.sh/v102/preact@10.10.6/jsx-runtime/src/index.d.ts": "e153460ed2b3fe2ad8b93696ecd48fbf73cd628b0b0ea6692b71804a3af69dfd",
    "https://esm.sh/v102/preact@10.10.6/src/index.d.ts": "d3e2e5125321d592d2458226f311de66411f2fa949e546cbaaefa533c4fb89e3",
    "https://esm.sh/v102/preact@10.10.6/src/jsx.d.ts": "1bb7de31d64cc39b3b07613dc39bff42199ffec4b97ac9168a86f4747a3ec669",
    "https://esm.sh/v111/@kodadot1/minipfs@0.2.0-rc.0/deno/minipfs.js": "a1dae83f5be644516cedba5cee6b061824d5b89ccf71fd6e03ce77263e0f57c4",
    "https://esm.sh/v111/@kodadot1/minipfs@0.2.0-rc.0/dist/index.d.ts": "22038e1ddfcb26a8844d0e7fe77715f84f7e26acb459a23f5396ec178318b3dc",
    "https://esm.sh/v111/@kodadot1/static@0.0.1-rc.0/deno/static.js": "c4acbcac16e91c89b84aeed3987767535078cddd25a86419a5f57101642392a8",
    "https://esm.sh/v111/@kodadot1/static@0.0.1-rc.0/dist/index.d.ts": "93afde627baf9a8cdb23e88cdf4cf456d1a553e4535bb369e5bc8cc5d3487b43",
    "https://esm.sh/v111/@kodadot1/uniquery@0.1.1-rc.0/deno/uniquery.js": "55fa24ff01fd6fea60e6251069c6f2666cdb352b89273270e82e383ffe90044f",
    "https://esm.sh/v111/@kodadot1/uniquery@0.1.1-rc.0/dist/index.d.ts": "cc9864f26a5beaa45eb50a08b27b5323f76696989974bc05d1a9c67b57b25424",
    "https://esm.sh/v111/@kodadot1/uniquery@0.2.0-rc.1/deno/uniquery.js": "f431d6214e06844b0f5087db8380c16fdc36c0db571f4feab429390aa23cda52",
    "https://esm.sh/v111/@kodadot1/uniquery@0.2.0-rc.1/dist/index.d.ts": "09b6ba4bfe2d0c87a7a99f14c083d693579b86996e9dc1157c0c46ace3992193",
    "https://esm.sh/v111/@kodadot1/uniquery@0.2.0-rc.2/deno/uniquery.js": "e34f692b28ccd1f0354349e7aa8e2fd13688c33ab72825f38bba2f0ec3b458f0",
    "https://esm.sh/v111/@kodadot1/uniquery@0.2.0-rc.2/dist/index.d.ts": "d8b2f99cc08932fc0bdcc41d2e642399ae30d2c5188e0a42bff7404c666ddcfd",
    "https://esm.sh/v111/@kodadot1/vuex-options@0.0.3-rc.11/deno/vuex-options.js": "d3df652fef3763c948b6535dadd885e70653f312598675f272d7ee7ca416f47c",
    "https://esm.sh/v111/@polkadot/networks@10.1.7/deno/networks.js": "798d3c4a763161eac3244f5d7a498964a9c1bb7c47a8d2d0e11ec44e71396274",
    "https://esm.sh/v111/@substrate/ss58-registry@1.39.0/deno/ss58-registry.js": "4c5d119aef355129333ae5f9029892680c8d8725e2e9f95edf08b9a0c8809b0b",
    "https://esm.sh/v111/destr@1.2.2/deno/destr.js": "e90f8d79f96e113205a6829da78ca5aa371c948bb78d442aa5aff58b7775e206",
    "https://esm.sh/v111/gql-query-builder@3.8.0/deno/gql-query-builder.js": "9cdc13de9fa0343590deaf4f4472593043004f98b4e5bdbe34a5057a5fcbe1c7",
    "https://esm.sh/v111/ofetch@1.0.1/deno/ofetch.js": "c09ebb89a23068ccf18143befa7025450d9ea3fdd3718ee2166c18ef1934de01",
    "https://esm.sh/v111/ohmyfetch@0.4.21/deno/ohmyfetch.js": "d7c6beff37997ba75045bb9519fdd030deed4fae4e9cd277920b6ce2bea5226e",
    "https://esm.sh/v111/ufo@0.8.6/deno/ufo.js": "29034dd456c1cb26e833185d0bcd700c259fcf9de4fa709608944fe12e0e3fb5",
    "https://esm.sh/v111/ufo@1.1.1/deno/ufo.js": "00f7dd4b05bc8f002f9e405a6eeb26ae5037c01b9f30f8f737424d54cbbe211f",
    "https://esm.sh/v98/*preact-render-to-string@5.2.3": "4bb207f448b9f2e9c080c7573380678b8bc21d8c65efb4f23f3ea6532ff3a88f",
    "https://esm.sh/v98/@twind/aspect-ratio@0.1.4": "78b221655fd00bcda33d63dc86f5f68e01d1788eaaac51fe2daa8c3c44ccdbcb",
    "https://esm.sh/v98/@twind/aspect-ratio@0.1.4/aspect-ratio.d.ts": "c68df8814ab1512b316e48c78bec260b9fce1f7db3a22edfad7e687171d5af75",
    "https://esm.sh/v98/@twind/aspect-ratio@0.1.4/deno/aspect-ratio.js": "bbd3521db1b802e9c6ad601ee75cadfe083ec9858d6ba406ba2151d5b64871fe",
    "https://esm.sh/v98/@types/prop-types@15.7.5/X-ZS9wcmVhY3QvY29tcGF0/index.d.ts": "6a386ff939f180ae8ef064699d8b7b6e62bc2731a62d7fbf5e02589383838dea",
    "https://esm.sh/v98/@types/react@18.0.25/X-ZS9wcmVhY3QvY29tcGF0/global.d.ts": "bbdf156fea2fabed31a569445835aeedcc33643d404fcbaa54541f06c109df3f",
    "https://esm.sh/v98/@types/react@18.0.25/X-ZS9wcmVhY3QvY29tcGF0/index.d.ts": "d4165bac82e5c1c47c795d167b086194901c736711950a5683590184f862cace",
    "https://esm.sh/v98/@types/scheduler@0.16.2/X-ZS9wcmVhY3QvY29tcGF0/tracing.d.ts": "f5a8b384f182b3851cec3596ccc96cb7464f8d3469f48c74bf2befb782a19de5",
    "https://esm.sh/v98/csstype@3.1.1/X-ZS9wcmVhY3QvY29tcGF0/index.d.ts": "1c29793071152b207c01ea1954e343be9a44d85234447b2b236acae9e709a383",
    "https://esm.sh/v98/csstype@3.1.1/index.d.ts": "1c29793071152b207c01ea1954e343be9a44d85234447b2b236acae9e709a383",
    "https://esm.sh/v98/preact-render-to-string@5.2.3/X-ZS8q/deno/preact-render-to-string.js": "58a939ca004316f0a46deae72b3c258122cb821f9ae3d4f31c861dc0ecdb3ff2",
    "https://esm.sh/v98/preact-render-to-string@5.2.3/X-ZS8q/src/index.d.ts": "b1d73703252c8570fdf2952475805f5808ba3511fefbd93a3e7bd8406de7dcd0",
    "https://esm.sh/v98/preact@10.10.6": "3797eacd827278d2601acc8c9da07da1df226113a5e0f5ff54055ffb9dcf4bf4",
    "https://esm.sh/v98/preact@10.10.6/compat": "082e484c1bc98daafd8718cbb680474140df4c76c5c4fd2e69fded0ec87197c3",
    "https://esm.sh/v98/preact@10.10.6/hooks": "92a7bf4e4fa9cbfd406ae6effefd9a6406b339495cbf919ef50d63288b429772",
    "https://esm.sh/v98/preact@10.10.6/jsx-runtime": "cb34e30f437a2d80b0605b192f581d5a559b577fed4d4ccef77f035e6f50077a",
    "https://esm.sh/v98/style-vendorizer@2.2.3/deno/style-vendorizer.js": "bacdb96f034bbdae11a8d90427a6d49270d28d5939f02dbf0e7d0e52491ff9e3",
    "https://esm.sh/v98/swr@2.0.0-beta.6/X-YS9yZWFjdDpwcmVhY3QvY29tcGF0CmUvcHJlYWN0L2NvbXBhdA/_internal/dist/_internal/constants.d.ts": "417e6f7a6942cbe58f1fbe2698a6536eb3e494432aa7b79fb9ccb38910531769",
    "https://esm.sh/v98/swr@2.0.0-beta.6/X-YS9yZWFjdDpwcmVhY3QvY29tcGF0CmUvcHJlYWN0L2NvbXBhdA/_internal/dist/_internal/index.d.ts": "cd341701cf62a5a597d3e81c19d580fc5fd05142541bfdb7bbdaccca40cb7102",
    "https://esm.sh/v98/swr@2.0.0-beta.6/X-YS9yZWFjdDpwcmVhY3QvY29tcGF0CmUvcHJlYWN0L2NvbXBhdA/_internal/dist/_internal/types.d.ts": "f25dad5a044f6ba3b64c6b91c8ff5d189e0002eef09d8fc2303267ad99b7438f",
    "https://esm.sh/v98/swr@2.0.0-beta.6/X-YS9yZWFjdDpwcmVhY3QvY29tcGF0CmUvcHJlYWN0L2NvbXBhdA/_internal/dist/_internal/utils/cache.d.ts": "18484af5c6513cc64e608822db958fe802dd68d5ce481acfce7606ab1cad8fef",
    "https://esm.sh/v98/swr@2.0.0-beta.6/X-YS9yZWFjdDpwcmVhY3QvY29tcGF0CmUvcHJlYWN0L2NvbXBhdA/_internal/dist/_internal/utils/config-context.d.ts": "e5a502634b9f3964588d5a41fab31feffa4231636f3c46245903c367a0cc37fa",
    "https://esm.sh/v98/swr@2.0.0-beta.6/X-YS9yZWFjdDpwcmVhY3QvY29tcGF0CmUvcHJlYWN0L2NvbXBhdA/_internal/dist/_internal/utils/config.d.ts": "108289b66d2ae982c447bac9ccef0a1bbb490a04bbec052b8e1eb18941cddbd5",
    "https://esm.sh/v98/swr@2.0.0-beta.6/X-YS9yZWFjdDpwcmVhY3QvY29tcGF0CmUvcHJlYWN0L2NvbXBhdA/_internal/dist/_internal/utils/env.d.ts": "08fcc0fc014d710eecddd2c50ce0d62c6fef71a6be69183639106088e32bc512",
    "https://esm.sh/v98/swr@2.0.0-beta.6/X-YS9yZWFjdDpwcmVhY3QvY29tcGF0CmUvcHJlYWN0L2NvbXBhdA/_internal/dist/_internal/utils/global-state.d.ts": "577f482f365cf5bffb5344d5ab7224d1d339ce3b3e0b83504d5689eec09c1fa3",
    "https://esm.sh/v98/swr@2.0.0-beta.6/X-YS9yZWFjdDpwcmVhY3QvY29tcGF0CmUvcHJlYWN0L2NvbXBhdA/_internal/dist/_internal/utils/hash.d.ts": "9589287d1f4af48661327a3d8fc0943441072ef7c6428bb5e9eb831b5a741a9b",
    "https://esm.sh/v98/swr@2.0.0-beta.6/X-YS9yZWFjdDpwcmVhY3QvY29tcGF0CmUvcHJlYWN0L2NvbXBhdA/_internal/dist/_internal/utils/helper.d.ts": "d0a437d1bf260b7adf22e35353f51b325546b1be6da81e55fcbb0805593e81f9",
    "https://esm.sh/v98/swr@2.0.0-beta.6/X-YS9yZWFjdDpwcmVhY3QvY29tcGF0CmUvcHJlYWN0L2NvbXBhdA/_internal/dist/_internal/utils/merge-config.d.ts": "0e0c4ebb49983ae6a46b5c888e07a2718b5a7e1734a42f7b96bbce04ad1f6ad0",
    "https://esm.sh/v98/swr@2.0.0-beta.6/X-YS9yZWFjdDpwcmVhY3QvY29tcGF0CmUvcHJlYWN0L2NvbXBhdA/_internal/dist/_internal/utils/mutate.d.ts": "efe593ee6da66d3bfa7288a87ad7d9afe48d1046b095f73f02e71d3a5fea02c7",
    "https://esm.sh/v98/swr@2.0.0-beta.6/X-YS9yZWFjdDpwcmVhY3QvY29tcGF0CmUvcHJlYWN0L2NvbXBhdA/_internal/dist/_internal/utils/normalize-args.d.ts": "b4f833865565df8ae8c48033f9da84e3f742a8b088f4d8f2d78ef927f73fd9e1",
    "https://esm.sh/v98/swr@2.0.0-beta.6/X-YS9yZWFjdDpwcmVhY3QvY29tcGF0CmUvcHJlYWN0L2NvbXBhdA/_internal/dist/_internal/utils/preload.d.ts": "1db6f22dfcb74bb417273108cc20db86808eeaca88c78193928abb2a595cd5b4",
    "https://esm.sh/v98/swr@2.0.0-beta.6/X-YS9yZWFjdDpwcmVhY3QvY29tcGF0CmUvcHJlYWN0L2NvbXBhdA/_internal/dist/_internal/utils/resolve-args.d.ts": "92bae96f529a07f1a7002a6f07992b212f58e7a558a928ac81b2d6571018a1d5",
    "https://esm.sh/v98/swr@2.0.0-beta.6/X-YS9yZWFjdDpwcmVhY3QvY29tcGF0CmUvcHJlYWN0L2NvbXBhdA/_internal/dist/_internal/utils/serialize.d.ts": "62277e244dd0b51f7e225f863d66a11489066d3c8cce3287d841fa93c83ec8a6",
    "https://esm.sh/v98/swr@2.0.0-beta.6/X-YS9yZWFjdDpwcmVhY3QvY29tcGF0CmUvcHJlYWN0L2NvbXBhdA/_internal/dist/_internal/utils/state.d.ts": "5033a44a601bcf3ce51000eb5612edbd42996c5fbc54c80907c34fc63f941217",
    "https://esm.sh/v98/swr@2.0.0-beta.6/X-YS9yZWFjdDpwcmVhY3QvY29tcGF0CmUvcHJlYWN0L2NvbXBhdA/_internal/dist/_internal/utils/subscribe-key.d.ts": "a0d93ac540adffb9dce9d28e96c380e82fe0740ee7427e822b70a440284e2421",
    "https://esm.sh/v98/swr@2.0.0-beta.6/X-YS9yZWFjdDpwcmVhY3QvY29tcGF0CmUvcHJlYWN0L2NvbXBhdA/_internal/dist/_internal/utils/timestamp.d.ts": "a6648bb0b602b0cac1717ead7934461b232ad43cc4883f9516bc5bd83e7cfeb6",
    "https://esm.sh/v98/swr@2.0.0-beta.6/X-YS9yZWFjdDpwcmVhY3QvY29tcGF0CmUvcHJlYWN0L2NvbXBhdA/_internal/dist/_internal/utils/use-swr-config.d.ts": "5831002999b4e41a6e6cc228bd9965fabd2438a5c3bf6d624b1721494a862811",
    "https://esm.sh/v98/swr@2.0.0-beta.6/X-YS9yZWFjdDpwcmVhY3QvY29tcGF0CmUvcHJlYWN0L2NvbXBhdA/_internal/dist/_internal/utils/web-preset.d.ts": "2cf1e0b7916a16a2e571d22e46d21e4b142dfb60603ee9dc863f8f19cd082b26",
    "https://esm.sh/v98/swr@2.0.0-beta.6/X-YS9yZWFjdDpwcmVhY3QvY29tcGF0CmUvcHJlYWN0L2NvbXBhdA/_internal/dist/_internal/utils/with-middleware.d.ts": "904a470a2a255b0722b922df62befeca1bdd7ac33d0489ae9e2c391a78ecb415",
    "https://esm.sh/v98/swr@2.0.0-beta.6/X-YS9yZWFjdDpwcmVhY3QvY29tcGF0CmUvcHJlYWN0L2NvbXBhdA/core/dist/core/index.d.ts": "ba63b4850b779f2e7fc7309be5215476f7b328ebf7031a4dd8132f9d83395d77",
    "https://esm.sh/v98/swr@2.0.0-beta.6/X-YS9yZWFjdDpwcmVhY3QvY29tcGF0CmUvcHJlYWN0L2NvbXBhdA/core/dist/core/use-swr.d.ts": "ad19f61369dde3818114107a67bf0051ac0ad43e6eac3352eb9643b85e40c0aa",
    "https://esm.sh/v98/swr@2.0.0-beta.6/X-YS9yZWFjdDpwcmVhY3QvY29tcGF0CmUvcHJlYWN0L2NvbXBhdA/deno/_internal.js": "7aa6f0d29547851af5886bc0275eb33a9bfd4af7b296fbb816bcf9528821e413",
    "https://esm.sh/v98/swr@2.0.0-beta.6/X-YS9yZWFjdDpwcmVhY3QvY29tcGF0CmUvcHJlYWN0L2NvbXBhdA/deno/swr.js": "41ea26a0680effc5b8d765bdb9c6186ff20fba2c20dd9e3e973fbd955203a76f",
    "https://esm.sh/v98/swr@2.0.0-beta.6?alias=react:preact/compat&external=preact/compat": "a9783b0e2f41e6a9b73eeb58ff4186e139f0dbefc8331f2679b05aa951052ca5",
    "https://esm.sh/v98/twind@0.16.17": "c223bb38ced15d09e850235b02f6d5ce1d23889942fb676d6ab82f592316f520",
    "https://esm.sh/v98/twind@0.16.17/colors": "50c2db5b0bbec56111edd7bbc8aef65be145758791f64398fd1bbc85cd24117e",
    "https://esm.sh/v98/twind@0.16.17/colors/colors.d.ts": "5d718e9e958b108054073182c3a6b3a8c8352b4c9b2c520a15bdb56bac56868f",
    "https://esm.sh/v98/twind@0.16.17/css": "df6a4865b488c07b8adc1a3a411481cea74477dc737e93e26f85f11a9ea28e5b",
    "https://esm.sh/v98/twind@0.16.17/css/css.d.ts": "cdbb7d377c1da4e59c43935c637303bcf9c656125955016b27e65a81723c47ba",
    "https://esm.sh/v98/twind@0.16.17/deno/colors.js": "e3e6b2135ee371978b66011b130019c2a70be71c7743a5ef2dc657f7bbc16edd",
    "https://esm.sh/v98/twind@0.16.17/deno/css.js": "b1862d3198f0d731102f43d750207b5816e4b5daf51b37011bef1811e4706a6f",
    "https://esm.sh/v98/twind@0.16.17/deno/sheets.js": "f75586c3a778278f99ca9e6761e8c8a2089c66d6a503bb25e3bba38597fe1e30",
    "https://esm.sh/v98/twind@0.16.17/deno/twind.js": "9774a4f1ddf2c1655f38040aa9c82ad921055b92bb8a62f5251625264e40ce02",
    "https://esm.sh/v98/twind@0.16.17/sheets": "58535757e0fbc01b9d6122cbd8e9bd02faa793f5fb5aef9619fb8d8fd0469bde",
    "https://esm.sh/v98/twind@0.16.17/sheets/sheets.d.ts": "ac65f165be285376a1625e01252201a4c9e4cebe0078a5b2e47ca3e5fde76489",
    "https://esm.sh/v98/twind@0.16.17/twind.d.ts": "795f4921b74adee8a90dfeb4e71e524f83b1822a307692e2c36874120629ebd9",
    "https://esm.sh/v98/use-sync-external-store@1.2.0/X-YS9yZWFjdDpwcmVhY3QvY29tcGF0CmUvcHJlYWN0L2NvbXBhdA/deno/cjs/use-sync-external-store-shim.production.min.js": "ba357a863956ca4de05130c19498e4e04e22715577b0b317235f3a1b633b18db",
    "https://esm.sh/v98/use-sync-external-store@1.2.0/X-YS9yZWFjdDpwcmVhY3QvY29tcGF0CmUvcHJlYWN0L2NvbXBhdA/deno/shim/index.js": "5f37b81850b7571d1a9b79ace8bab5a4127fb6bd552de510448e1e1ee5b83a5a",
    "https://raw.githubusercontent.com/GoogleChrome/dialog-polyfill/5033aac1b74c44f36cde47be3d11f4756f3f8fda/dist/dialog-polyfill.esm.js": "18db62215a0d3141b411c1e15df3c6ff97c8e774afad9625af91c0ff9566352c"
  }
}
